[[package]]
category = "main"
description = "Pure-python FIGlet implementation"
name = "pyfiglet"
optional = false
python-versions = "*"
version = "0.8.post1"

[[package]]
category = "main"
description = "Alternative regular expression module, to replace re."
name = "regex"
optional = false
python-versions = "*"
version = "2020.4.4"

[metadata]
content-hash = "5b6ef69c7228ee6f8d33c3af5b627bc9a6a1a7e3d303e84ea7fb883b9b1cfb09"
python-versions = "^3.7"

[metadata.hashes]
pyfiglet = ["c6c2321755d09267b438ec7b936825a4910fec696292139e664ca8670e103639", "d555bcea17fbeaf70eaefa48bb119352487e629c9b56f30f383e2c62dd67a01c"]
regex = ["08119f707f0ebf2da60d2f24c2f39ca616277bb67ef6c92b72cbf90cbe3a556b", "0ce9537396d8f556bcfc317c65b6a0705320701e5ce511f05fc04421ba05b8a8", "1cbe0fa0b7f673400eb29e9ef41d4f53638f65f9a2143854de6b1ce2899185c3", "2294f8b70e058a2553cd009df003a20802ef75b3c629506be20687df0908177e", "23069d9c07e115537f37270d1d5faea3e0bdded8279081c4d4d607a2ad393683", "24f4f4062eb16c5bbfff6a22312e8eab92c2c99c51a02e39b4eae54ce8255cd1", "295badf61a51add2d428a46b8580309c520d8b26e769868b922750cf3ce67142", "2a3bf8b48f8e37c3a40bb3f854bf0121c194e69a650b209628d951190b862de3", "4385f12aa289d79419fede43f979e372f527892ac44a541b5446617e4406c468", "5635cd1ed0a12b4c42cce18a8d2fb53ff13ff537f09de5fd791e97de27b6400e", "5bfed051dbff32fd8945eccca70f5e22b55e4148d2a8a45141a3b053d6455ae3", "7e1037073b1b7053ee74c3c6c0ada80f3501ec29d5f46e42669378eae6d4405a", "90742c6ff121a9c5b261b9b215cb476eea97df98ea82037ec8ac95d1be7a034f", "a58dd45cb865be0ce1d5ecc4cfc85cd8c6867bea66733623e54bd95131f473b6", "c087bff162158536387c53647411db09b6ee3f9603c334c90943e97b1052a156", "c162a21e0da33eb3d31a3ac17a51db5e634fc347f650d271f0305d96601dc15b", "c9423a150d3a4fc0f3f2aae897a59919acd293f4cb397429b120a5fcd96ea3db", "ccccdd84912875e34c5ad2d06e1989d890d43af6c2242c6fcfa51556997af6cd", "e91ba11da11cf770f389e47c3f5c30473e6d85e06d7fd9dcba0017d2867aab4a", "ea4adf02d23b437684cd388d557bf76e3afa72f7fed5bbc013482cc00c816948", "fb95debbd1a824b2c4376932f2216cc186912e389bdb0e27147778cf6acb3f89"]
